
Microsoft Visual Studio Solution File, Format Version 12.00
# Visual Studio Version 17
VisualStudioVersion = 17.6.33723.286
MinimumVisualStudioVersion = 10.0.40219.1
Project("{9A19103F-16F7-4668-BE54-9A1E7A4F7556}") = "TS3CallsignHelper.Wpf", "TS3CallsignHelper.Wpf\TS3CallsignHelper.Wpf.csproj", "{F8838380-F8FF-48A4-B565-614B11446B60}"
EndProject
Project("{9A19103F-16F7-4668-BE54-9A1E7A4F7556}") = "TS3CallsignHelper.Game", "TS3CallsignHelper.Game\TS3CallsignHelper.Game.csproj", "{B6EC6D5A-A447-4884-81B1-DF9E86323113}"
EndProject
Project("{9A19103F-16F7-4668-BE54-9A1E7A4F7556}") = "TS3CallsignHelper.Wpf.Translation", "TS3CallsignHelper.Wpf.Translation\TS3CallsignHelper.Wpf.Translation.csproj", "{427046A0-9FC9-4ACA-8A37-B1B3564670E7}"
EndProject
Project("{2150E333-8FDC-42A3-9474-1A3956D46DE8}") = "Projektmappenelemente", "Projektmappenelemente", "{6ADBB7C2-6D8A-4BF1-9C25-168909FDC9F5}"
	ProjectSection(SolutionItems) = preProject
		.runsettings = .runsettings
	EndProjectSection
EndProject
Project("{9A19103F-16F7-4668-BE54-9A1E7A4F7556}") = "TS3CallsignHelper.API", "TS3CallsignHelper.Api\TS3CallsignHelper.API.csproj", "{E583EAB5-3EFE-41BE-B60C-9A6A436C1A3D}"
EndProject
Project("{9A19103F-16F7-4668-BE54-9A1E7A4F7556}") = "TS3CallsignHelper.Modules", "TS3CallsignHelper.Modules\TS3CallsignHelper.Modules.csproj", "{F47D54E5-36AF-42FF-8BD5-29EED1FF98B6}"
EndProject
Project("{9A19103F-16F7-4668-BE54-9A1E7A4F7556}") = "TS3CallsignHelper.Tests", "TS3CallsignHelper.Tests\TS3CallsignHelper.Tests.csproj", "{B2E10990-ED5F-4819-9397-BCE4CE85C91A}"
EndProject
Global
	GlobalSection(SolutionConfigurationPlatforms) = preSolution
		Debug|Any CPU = Debug|Any CPU
		Release|Any CPU = Release|Any CPU
	EndGlobalSection
	GlobalSection(ProjectConfigurationPlatforms) = postSolution
		{F8838380-F8FF-48A4-B565-614B11446B60}.Debug|Any CPU.ActiveCfg = Debug|Any CPU
		{F8838380-F8FF-48A4-B565-614B11446B60}.Debug|Any CPU.Build.0 = Debug|Any CPU
		{F8838380-F8FF-48A4-B565-614B11446B60}.Release|Any CPU.ActiveCfg = Release|Any CPU
		{F8838380-F8FF-48A4-B565-614B11446B60}.Release|Any CPU.Build.0 = Release|Any CPU
		{B6EC6D5A-A447-4884-81B1-DF9E86323113}.Debug|Any CPU.ActiveCfg = Debug|Any CPU
		{B6EC6D5A-A447-4884-81B1-DF9E86323113}.Debug|Any CPU.Build.0 = Debug|Any CPU
		{B6EC6D5A-A447-4884-81B1-DF9E86323113}.Release|Any CPU.ActiveCfg = Release|Any CPU
		{B6EC6D5A-A447-4884-81B1-DF9E86323113}.Release|Any CPU.Build.0 = Release|Any CPU
		{427046A0-9FC9-4ACA-8A37-B1B3564670E7}.Debug|Any CPU.ActiveCfg = Debug|Any CPU
		{427046A0-9FC9-4ACA-8A37-B1B3564670E7}.Debug|Any CPU.Build.0 = Debug|Any CPU
		{427046A0-9FC9-4ACA-8A37-B1B3564670E7}.Release|Any CPU.ActiveCfg = Release|Any CPU
		{427046A0-9FC9-4ACA-8A37-B1B3564670E7}.Release|Any CPU.Build.0 = Release|Any CPU
		{E583EAB5-3EFE-41BE-B60C-9A6A436C1A3D}.Debug|Any CPU.ActiveCfg = Debug|Any CPU
		{E583EAB5-3EFE-41BE-B60C-9A6A436C1A3D}.Debug|Any CPU.Build.0 = Debug|Any CPU
		{E583EAB5-3EFE-41BE-B60C-9A6A436C1A3D}.Release|Any CPU.ActiveCfg = Release|Any CPU
		{E583EAB5-3EFE-41BE-B60C-9A6A436C1A3D}.Release|Any CPU.Build.0 = Release|Any CPU
		{F47D54E5-36AF-42FF-8BD5-29EED1FF98B6}.Debug|Any CPU.ActiveCfg = Debug|Any CPU
		{F47D54E5-36AF-42FF-8BD5-29EED1FF98B6}.Debug|Any CPU.Build.0 = Debug|Any CPU
		{F47D54E5-36AF-42FF-8BD5-29EED1FF98B6}.Release|Any CPU.ActiveCfg = Release|Any CPU
		{F47D54E5-36AF-42FF-8BD5-29EED1FF98B6}.Release|Any CPU.Build.0 = Release|Any CPU
		{B2E10990-ED5F-4819-9397-BCE4CE85C91A}.Debug|Any CPU.ActiveCfg = Debug|Any CPU
		{B2E10990-ED5F-4819-9397-BCE4CE85C91A}.Debug|Any CPU.Build.0 = Debug|Any CPU
		{B2E10990-ED5F-4819-9397-BCE4CE85C91A}.Release|Any CPU.ActiveCfg = Release|Any CPU
		{B2E10990-ED5F-4819-9397-BCE4CE85C91A}.Release|Any CPU.Build.0 = Release|Any CPU
	EndGlobalSection
	GlobalSection(SolutionProperties) = preSolution
		HideSolutionNode = FALSE
	EndGlobalSection
	GlobalSection(ExtensibilityGlobals) = postSolution
		SolutionGuid = {24CDF754-08ED-4A1D-AB35-0345613EDF3C}
	EndGlobalSection
EndGlobal
