
Microsoft Visual Studio Solution File, Format Version 12.00
# Visual Studio Version 17
VisualStudioVersion = 17.6.33723.286
MinimumVisualStudioVersion = 10.0.40219.1
Project("{9A19103F-16F7-4668-BE54-9A1E7A4F7556}") = "TS3CallsignHelper.Game", "TS3CallsignHelper.Game\TS3CallsignHelper.Game.csproj", "{3223C7C0-8057-40B8-AF78-B880EE795A88}"
EndProject
Project("{9A19103F-16F7-4668-BE54-9A1E7A4F7556}") = "TS3CallsignHelper.Wpf", "TS3CallsignHelper.Wpf\TS3CallsignHelper.Wpf.csproj", "{F8838380-F8FF-48A4-B565-614B11446B60}"
EndProject
Global
	GlobalSection(SolutionConfigurationPlatforms) = preSolution
		Debug|Any CPU = Debug|Any CPU
		Release|Any CPU = Release|Any CPU
	EndGlobalSection
	GlobalSection(ProjectConfigurationPlatforms) = postSolution
		{3223C7C0-8057-40B8-AF78-B880EE795A88}.Debug|Any CPU.ActiveCfg = Debug|Any CPU
		{3223C7C0-8057-40B8-AF78-B880EE795A88}.Debug|Any CPU.Build.0 = Debug|Any CPU
		{3223C7C0-8057-40B8-AF78-B880EE795A88}.Release|Any CPU.ActiveCfg = Release|Any CPU
		{3223C7C0-8057-40B8-AF78-B880EE795A88}.Release|Any CPU.Build.0 = Release|Any CPU
		{F8838380-F8FF-48A4-B565-614B11446B60}.Debug|Any CPU.ActiveCfg = Debug|Any CPU
		{F8838380-F8FF-48A4-B565-614B11446B60}.Debug|Any CPU.Build.0 = Debug|Any CPU
		{F8838380-F8FF-48A4-B565-614B11446B60}.Release|Any CPU.ActiveCfg = Release|Any CPU
		{F8838380-F8FF-48A4-B565-614B11446B60}.Release|Any CPU.Build.0 = Release|Any CPU
	EndGlobalSection
	GlobalSection(SolutionProperties) = preSolution
		HideSolutionNode = FALSE
	EndGlobalSection
	GlobalSection(ExtensibilityGlobals) = postSolution
		SolutionGuid = {24CDF754-08ED-4A1D-AB35-0345613EDF3C}
	EndGlobalSection
EndGlobal
